
Microsoft Visual Studio Solution File, Format Version 12.00
# Visual Studio 15
VisualStudioVersion = 15.0.27703.2000
MinimumVisualStudioVersion = 10.0.40219.1
Project("{FAE04EC0-301F-11D3-BF4B-00C04F79EFBC}") = "Lab_01", "Lab_01\Lab_01.csproj", "{FF525CC5-5FB4-40D3-884F-2182C3AAD72F}"
EndProject
Project("{FAE04EC0-301F-11D3-BF4B-00C04F79EFBC}") = "Lab_02", "Lab_02\Lab_02.csproj", "{90A9CA06-60FF-4B40-86CA-047341524CC2}"
EndProject
Project("{FAE04EC0-301F-11D3-BF4B-00C04F79EFBC}") = "Lab_04", "Lab_04\Lab_04.csproj", "{A0436261-B180-4AD3-ADF8-F5C1936F5FFE}"
EndProject
Project("{FAE04EC0-301F-11D3-BF4B-00C04F79EFBC}") = "Lab_05", "Lab_05\Lab_05.csproj", "{4F537A27-1806-4777-A8FB-B965AB4BF5BD}"
EndProject
Project("{FAE04EC0-301F-11D3-BF4B-00C04F79EFBC}") = "KG_LABA6", "KG_LABA6\KG_LABA6.csproj", "{20F34DB3-17E6-4BB3-B53A-BDB130406C00}"
EndProject
Project("{FAE04EC0-301F-11D3-BF4B-00C04F79EFBC}") = "KG_LABA5", "KG_LABA5\KG_LABA5.csproj", "{4C46FF4E-207F-47B6-975D-2212A3885228}"
EndProject
Project("{FAE04EC0-301F-11D3-BF4B-00C04F79EFBC}") = "KG_LABA7", "KG_LABA7\KG_LABA7\KG_LABA7.csproj", "{E4C0013E-C49F-42E7-800B-02CC148FE7DD}"
EndProject
Project("{FAE04EC0-301F-11D3-BF4B-00C04F79EFBC}") = "KG_LABA8", "KG_LABA8\KG_LABA8\KG_LABA8.csproj", "{DF4A7630-9CCD-4E82-9EC6-DFF62D1FFB89}"
EndProject
Project("{FAE04EC0-301F-11D3-BF4B-00C04F79EFBC}") = "Lab_09", "Lab_09\Lab_09.csproj", "{1211D0EB-46C9-4268-9865-DD91794AEB3E}"
EndProject
Global
	GlobalSection(SolutionConfigurationPlatforms) = preSolution
		Debug|Any CPU = Debug|Any CPU
		Release|Any CPU = Release|Any CPU
	EndGlobalSection
	GlobalSection(ProjectConfigurationPlatforms) = postSolution
		{FF525CC5-5FB4-40D3-884F-2182C3AAD72F}.Debug|Any CPU.ActiveCfg = Debug|Any CPU
		{FF525CC5-5FB4-40D3-884F-2182C3AAD72F}.Debug|Any CPU.Build.0 = Debug|Any CPU
		{FF525CC5-5FB4-40D3-884F-2182C3AAD72F}.Release|Any CPU.ActiveCfg = Release|Any CPU
		{FF525CC5-5FB4-40D3-884F-2182C3AAD72F}.Release|Any CPU.Build.0 = Release|Any CPU
		{90A9CA06-60FF-4B40-86CA-047341524CC2}.Debug|Any CPU.ActiveCfg = Debug|Any CPU
		{90A9CA06-60FF-4B40-86CA-047341524CC2}.Debug|Any CPU.Build.0 = Debug|Any CPU
		{90A9CA06-60FF-4B40-86CA-047341524CC2}.Release|Any CPU.ActiveCfg = Release|Any CPU
		{90A9CA06-60FF-4B40-86CA-047341524CC2}.Release|Any CPU.Build.0 = Release|Any CPU
		{A0436261-B180-4AD3-ADF8-F5C1936F5FFE}.Debug|Any CPU.ActiveCfg = Debug|Any CPU
		{A0436261-B180-4AD3-ADF8-F5C1936F5FFE}.Debug|Any CPU.Build.0 = Debug|Any CPU
		{A0436261-B180-4AD3-ADF8-F5C1936F5FFE}.Release|Any CPU.ActiveCfg = Release|Any CPU
		{A0436261-B180-4AD3-ADF8-F5C1936F5FFE}.Release|Any CPU.Build.0 = Release|Any CPU
		{4F537A27-1806-4777-A8FB-B965AB4BF5BD}.Debug|Any CPU.ActiveCfg = Debug|Any CPU
		{4F537A27-1806-4777-A8FB-B965AB4BF5BD}.Debug|Any CPU.Build.0 = Debug|Any CPU
		{4F537A27-1806-4777-A8FB-B965AB4BF5BD}.Release|Any CPU.ActiveCfg = Release|Any CPU
		{4F537A27-1806-4777-A8FB-B965AB4BF5BD}.Release|Any CPU.Build.0 = Release|Any CPU
		{20F34DB3-17E6-4BB3-B53A-BDB130406C00}.Debug|Any CPU.ActiveCfg = Debug|Any CPU
		{20F34DB3-17E6-4BB3-B53A-BDB130406C00}.Debug|Any CPU.Build.0 = Debug|Any CPU
		{20F34DB3-17E6-4BB3-B53A-BDB130406C00}.Release|Any CPU.ActiveCfg = Release|Any CPU
		{20F34DB3-17E6-4BB3-B53A-BDB130406C00}.Release|Any CPU.Build.0 = Release|Any CPU
		{4C46FF4E-207F-47B6-975D-2212A3885228}.Debug|Any CPU.ActiveCfg = Debug|Any CPU
		{4C46FF4E-207F-47B6-975D-2212A3885228}.Debug|Any CPU.Build.0 = Debug|Any CPU
		{4C46FF4E-207F-47B6-975D-2212A3885228}.Release|Any CPU.ActiveCfg = Release|Any CPU
		{4C46FF4E-207F-47B6-975D-2212A3885228}.Release|Any CPU.Build.0 = Release|Any CPU
		{E4C0013E-C49F-42E7-800B-02CC148FE7DD}.Debug|Any CPU.ActiveCfg = Debug|Any CPU
		{E4C0013E-C49F-42E7-800B-02CC148FE7DD}.Debug|Any CPU.Build.0 = Debug|Any CPU
		{E4C0013E-C49F-42E7-800B-02CC148FE7DD}.Release|Any CPU.ActiveCfg = Release|Any CPU
		{E4C0013E-C49F-42E7-800B-02CC148FE7DD}.Release|Any CPU.Build.0 = Release|Any CPU
		{DF4A7630-9CCD-4E82-9EC6-DFF62D1FFB89}.Debug|Any CPU.ActiveCfg = Debug|Any CPU
		{DF4A7630-9CCD-4E82-9EC6-DFF62D1FFB89}.Debug|Any CPU.Build.0 = Debug|Any CPU
		{DF4A7630-9CCD-4E82-9EC6-DFF62D1FFB89}.Release|Any CPU.ActiveCfg = Release|Any CPU
		{DF4A7630-9CCD-4E82-9EC6-DFF62D1FFB89}.Release|Any CPU.Build.0 = Release|Any CPU
		{1211D0EB-46C9-4268-9865-DD91794AEB3E}.Debug|Any CPU.ActiveCfg = Debug|Any CPU
		{1211D0EB-46C9-4268-9865-DD91794AEB3E}.Debug|Any CPU.Build.0 = Debug|Any CPU
		{1211D0EB-46C9-4268-9865-DD91794AEB3E}.Release|Any CPU.ActiveCfg = Release|Any CPU
		{1211D0EB-46C9-4268-9865-DD91794AEB3E}.Release|Any CPU.Build.0 = Release|Any CPU
	EndGlobalSection
	GlobalSection(SolutionProperties) = preSolution
		HideSolutionNode = FALSE
	EndGlobalSection
	GlobalSection(ExtensibilityGlobals) = postSolution
		SolutionGuid = {DE5A4F3A-516C-4BC9-8112-BFA12E5C75D0}
	EndGlobalSection
EndGlobal
